<?xml version="1.0" encoding="utf-8"?>
<Project ToolsVersion="4.0" xmlns="http://schemas.microsoft.com/developer/msbuild/2003">
  <ItemGroup>
    <Filter Include="Resource Files">
      <UniqueIdentifier>{67DA6AB6-F800-4c08-8B7A-83BB121AAD01}</UniqueIdentifier>
      <Extensions>rc;ico;cur;bmp;dlg;rc2;rct;bin;rgs;gif;jpg;jpeg;jpe;resx;tiff;tif;png;wav;mfcribbon-ms</Extensions>
    </Filter>
    <Filter Include="File Editing">
      <UniqueIdentifier>{8516d3c4-52a9-4e3a-b2ab-70848aefc9e1}</UniqueIdentifier>
    </Filter>
  </ItemGroup>
  <ItemGroup>
    <ClCompile Include="..\..\Bernoulli Naive Bayes Text Classification\Bernoulli Naive Bayes Text Classification\FileReader.cpp">
      <Filter>File Editing</Filter>
    </ClCompile>
    <ClCompile Include="..\..\Bernoulli Naive Bayes Text Classification\Bernoulli Naive Bayes Text Classification\FileWriter.cpp">
      <Filter>File Editing</Filter>
    </ClCompile>
  </ItemGroup>
  <ItemGroup>
    <ClInclude Include="..\..\Bernoulli Naive Bayes Text Classification\Bernoulli Naive Bayes Text Classification\FileReader.h">
      <Filter>File Editing</Filter>
    </ClInclude>
    <ClInclude Include="..\..\Bernoulli Naive Bayes Text Classification\Bernoulli Naive Bayes Text Classification\FileWriter.h">
      <Filter>File Editing</Filter>
    </ClInclude>
  </ItemGroup>
</Project>