<?xml version="1.0" encoding="utf-8"?>
<Project ToolsVersion="4.0" xmlns="http://schemas.microsoft.com/developer/msbuild/2003">
  <ItemGroup>
    <Filter Include="Resource Files">
      <UniqueIdentifier>{67DA6AB6-F800-4c08-8B7A-83BB121AAD01}</UniqueIdentifier>
      <Extensions>rc;ico;cur;bmp;dlg;rc2;rct;bin;rgs;gif;jpg;jpeg;jpe;resx;tiff;tif;png;wav;mfcribbon-ms</Extensions>
    </Filter>
    <Filter Include="File Reader">
      <UniqueIdentifier>{a427cc55-a2ee-4db0-914c-28d6aec5a9a6}</UniqueIdentifier>
    </Filter>
    <Filter Include="Brain">
      <UniqueIdentifier>{970d41ac-3a48-473c-8c0f-1d137eb176ca}</UniqueIdentifier>
    </Filter>
    <Filter Include="Interface">
      <UniqueIdentifier>{ea96c3be-e0d4-41b1-9fe6-06a28253292c}</UniqueIdentifier>
    </Filter>
  </ItemGroup>
  <ItemGroup>
    <ClInclude Include="FileReader.h">
      <Filter>File Reader</Filter>
    </ClInclude>
    <ClInclude Include="Interface.h">
      <Filter>Interface</Filter>
    </ClInclude>
    <ClInclude Include="Parameter.h">
      <Filter>Brain</Filter>
    </ClInclude>
    <ClInclude Include="DirectoryReader.h">
      <Filter>File Reader</Filter>
    </ClInclude>
    <ClInclude Include="Agent.h">
      <Filter>Brain</Filter>
    </ClInclude>
  </ItemGroup>
  <ItemGroup>
    <ClCompile Include="FileReader.cpp">
      <Filter>File Reader</Filter>
    </ClCompile>
    <ClCompile Include="Interface.cpp">
      <Filter>Interface</Filter>
    </ClCompile>
    <ClCompile Include="Parameter.cpp">
      <Filter>Brain</Filter>
    </ClCompile>
    <ClCompile Include="Agent.cpp">
      <Filter>Brain</Filter>
    </ClCompile>
  </ItemGroup>
</Project>